{
  "name": "AddOns",
  "lockfileVersion": 2,
  "requires": true,
  "packages": {
    "": {
      "dependencies": {
        "@sanjo/add-on-builder": "file:./add-on-builder/"
      }
    },
    "add-on-builder": {
      "name": "@sanjo/add-on-builder",
      "version": "1.0.0",
      "dependencies": {
        "@sanjo/array": "^1.4.0",
        "@sanjo/exec": "^1.1.0",
        "@sanjo/read-file": "^2.0.0",
        "@sanjo/toc": "^1.0.0",
        "@sanjo/write-file": "^1.0.0",
        "js-yaml": "^4.1.0",
        "simple-git": "^3.17.0"
      }
    },
    "node_modules/@kwsites/file-exists": {
      "version": "1.1.1",
      "resolved": "https://registry.npmjs.org/@kwsites/file-exists/-/file-exists-1.1.1.tgz",
      "integrity": "sha512-m9/5YGR18lIwxSFDwfE3oA7bWuq9kdau6ugN4H2rJeyhFQZcG9AgSHkQtSD15a8WvTgfz9aikZMrKPHvbpqFiw==",
      "dependencies": {
        "debug": "^4.1.1"
      }
    },
    "node_modules/@kwsites/promise-deferred": {
      "version": "1.1.1",
      "resolved": "https://registry.npmjs.org/@kwsites/promise-deferred/-/promise-deferred-1.1.1.tgz",
      "integrity": "sha512-GaHYm+c0O9MjZRu0ongGBRbinu8gVAMd2UZjji6jVmqKtZluZnptXGWhz1E8j8D2HJ3f/yMxKAUC0b+57wncIw=="
    },
    "node_modules/@sanjo/add-on-builder": {
      "resolved": "add-on-builder",
      "link": true
    },
    "node_modules/@sanjo/array": {
      "version": "1.4.0",
      "resolved": "https://registry.npmjs.org/@sanjo/array/-/array-1.4.0.tgz",
      "integrity": "sha512-qp4OpNVdUSF5JyWxDMgxlSQ2ijum1twED4eDYnDGadbENSlou0xSyzQBkkUgWlLBvzdhvD3VrE6w24tTz+ccmw==",
      "dependencies": {
        "@sanjo/comparison": "^1.0.0",
        "@sanjo/ensure-entry-in-map": "^1.0.0",
        "@sanjo/identity": "^2.0.4"
      }
    },
    "node_modules/@sanjo/comparison": {
      "version": "1.0.1",
      "resolved": "https://registry.npmjs.org/@sanjo/comparison/-/comparison-1.0.1.tgz",
      "integrity": "sha512-SalXrwUU6rFLgB9Xq4xsfnGOH5YeY5Y5L0UAbF6VxhJ8U2kb8j4t6dXJBhK61e/r98o7W3vXdThKNUZqq0NNZw=="
    },
    "node_modules/@sanjo/ensure-entry-in-map": {
      "version": "1.0.0",
      "resolved": "https://registry.npmjs.org/@sanjo/ensure-entry-in-map/-/ensure-entry-in-map-1.0.0.tgz",
      "integrity": "sha512-KYr6XMRwOndiJDy5h/8e7eUDwWo+d+0dRe9PByidu1p2wGClLFXhH1n8DcYZtGAQvPkMxd6oz2WRWIOcUPzmlw=="
    },
    "node_modules/@sanjo/exec": {
      "version": "1.1.0",
      "resolved": "https://registry.npmjs.org/@sanjo/exec/-/exec-1.1.0.tgz",
      "integrity": "sha512-ekTqXhQhLzPee254f2TI9LBdPkLYkWVmyYo+n+/g+EibS27RfxOysTj7elP9A0sxToS6M2p4WBEF3LnVE6gb2w=="
    },
    "node_modules/@sanjo/identity": {
      "version": "2.0.4",
      "resolved": "https://registry.npmjs.org/@sanjo/identity/-/identity-2.0.4.tgz",
      "integrity": "sha512-Xfhq+1hFtKk0BOZKbJUEogER5p1GyphQ1YIt2Mukpx06ZqR2DG0HJKGdg00hpHo1MhmbQrpNiK6fcZBdmPQ5ow=="
    },
    "node_modules/@sanjo/read-file": {
      "version": "2.0.0",
      "resolved": "https://registry.npmjs.org/@sanjo/read-file/-/read-file-2.0.0.tgz",
      "integrity": "sha512-Qye5ZQQmrBvtmzgoaE8X0Shq1wc2pZ97CT7+dZFRtQqDSISqurb4YcdKpRsaGETG/PRsVkIZ7ORQ89/GSPWLJg=="
    },
    "node_modules/@sanjo/toc": {
      "version": "1.0.0",
      "resolved": "https://registry.npmjs.org/@sanjo/toc/-/toc-1.0.0.tgz",
      "integrity": "sha512-1Fd0lESENd5ZoqmtPRgBHA2KVTCm00yK7QoAu4peMt2b7P2OLDXY16pgE33+URu05Wfd6slfITbxqdaA1ZWiTw==",
      "dependencies": {
        "@sanjo/read-file": "^2.0.0"
      }
    },
    "node_modules/@sanjo/write-file": {
      "version": "1.0.0",
      "resolved": "https://registry.npmjs.org/@sanjo/write-file/-/write-file-1.0.0.tgz",
      "integrity": "sha512-YHMJR/4jKuXK93dcAKD63TClVIBNKahPNH8Vnv1QKk0X9fWdEXbCoObMp65tk+lfNfbYMiqNl88xR0gV3rrYXA=="
    },
    "node_modules/argparse": {
      "version": "2.0.1",
      "resolved": "https://registry.npmjs.org/argparse/-/argparse-2.0.1.tgz",
      "integrity": "sha512-8+9WqebbFzpX9OR+Wa6O29asIogeRMzcGtAINdpMHHyAg10f05aSFVBbcEqGf/PXw1EjAZ+q2/bEBg3DvurK3Q=="
    },
    "node_modules/debug": {
      "version": "4.3.4",
      "resolved": "https://registry.npmjs.org/debug/-/debug-4.3.4.tgz",
      "integrity": "sha512-PRWFHuSU3eDtQJPvnNY7Jcket1j0t5OuOsFzPPzsekD52Zl8qUfFIPEiswXqIvHWGVHOgX+7G/vCNNhehwxfkQ==",
      "dependencies": {
        "ms": "2.1.2"
      },
      "engines": {
        "node": ">=6.0"
      },
      "peerDependenciesMeta": {
        "supports-color": {
          "optional": true
        }
      }
    },
    "node_modules/js-yaml": {
      "version": "4.1.0",
      "resolved": "https://registry.npmjs.org/js-yaml/-/js-yaml-4.1.0.tgz",
      "integrity": "sha512-wpxZs9NoxZaJESJGIZTyDEaYpl0FKSA+FB9aJiyemKhMwkxQg63h4T1KJgUGHpTqPDNRcmmYLugrRjJlBtWvRA==",
      "dependencies": {
        "argparse": "^2.0.1"
      },
      "bin": {
        "js-yaml": "bin/js-yaml.js"
      }
    },
    "node_modules/ms": {
      "version": "2.1.2",
      "resolved": "https://registry.npmjs.org/ms/-/ms-2.1.2.tgz",
      "integrity": "sha512-sGkPx+VjMtmA6MX27oA4FBFELFCZZ4S4XqeGOXCv68tT+jb3vk/RyaKWP0PTKyWtmLSM0b+adUTEvbs1PEaH2w=="
    },
    "node_modules/simple-git": {
      "version": "3.17.0",
      "resolved": "https://registry.npmjs.org/simple-git/-/simple-git-3.17.0.tgz",
      "integrity": "sha512-JozI/s8jr3nvLd9yn2jzPVHnhVzt7t7QWfcIoDcqRIGN+f1IINGv52xoZti2kkYfoRhhRvzMSNPfogHMp97rlw==",
      "dependencies": {
        "@kwsites/file-exists": "^1.1.1",
        "@kwsites/promise-deferred": "^1.1.1",
        "debug": "^4.3.4"
      },
      "funding": {
        "type": "github",
        "url": "https://github.com/steveukx/git-js?sponsor=1"
      }
    }
  },
  "dependencies": {
    "@kwsites/file-exists": {
      "version": "1.1.1",
      "resolved": "https://registry.npmjs.org/@kwsites/file-exists/-/file-exists-1.1.1.tgz",
      "integrity": "sha512-m9/5YGR18lIwxSFDwfE3oA7bWuq9kdau6ugN4H2rJeyhFQZcG9AgSHkQtSD15a8WvTgfz9aikZMrKPHvbpqFiw==",
      "requires": {
        "debug": "^4.1.1"
      }
    },
    "@kwsites/promise-deferred": {
      "version": "1.1.1",
      "resolved": "https://registry.npmjs.org/@kwsites/promise-deferred/-/promise-deferred-1.1.1.tgz",
      "integrity": "sha512-GaHYm+c0O9MjZRu0ongGBRbinu8gVAMd2UZjji6jVmqKtZluZnptXGWhz1E8j8D2HJ3f/yMxKAUC0b+57wncIw=="
    },
    "@sanjo/add-on-builder": {
      "version": "file:add-on-builder",
      "requires": {
        "@sanjo/array": "^1.4.0",
        "@sanjo/exec": "^1.1.0",
        "@sanjo/read-file": "^2.0.0",
        "@sanjo/toc": "^1.0.0",
        "@sanjo/write-file": "^1.0.0",
        "js-yaml": "^4.1.0",
        "simple-git": "^3.17.0"
      }
    },
    "@sanjo/array": {
      "version": "1.4.0",
      "resolved": "https://registry.npmjs.org/@sanjo/array/-/array-1.4.0.tgz",
      "integrity": "sha512-qp4OpNVdUSF5JyWxDMgxlSQ2ijum1twED4eDYnDGadbENSlou0xSyzQBkkUgWlLBvzdhvD3VrE6w24tTz+ccmw==",
      "requires": {
        "@sanjo/comparison": "^1.0.0",
        "@sanjo/ensure-entry-in-map": "^1.0.0",
        "@sanjo/identity": "^2.0.4"
      }
    },
    "@sanjo/comparison": {
      "version": "1.0.1",
      "resolved": "https://registry.npmjs.org/@sanjo/comparison/-/comparison-1.0.1.tgz",
      "integrity": "sha512-SalXrwUU6rFLgB9Xq4xsfnGOH5YeY5Y5L0UAbF6VxhJ8U2kb8j4t6dXJBhK61e/r98o7W3vXdThKNUZqq0NNZw=="
    },
    "@sanjo/ensure-entry-in-map": {
      "version": "1.0.0",
      "resolved": "https://registry.npmjs.org/@sanjo/ensure-entry-in-map/-/ensure-entry-in-map-1.0.0.tgz",
      "integrity": "sha512-KYr6XMRwOndiJDy5h/8e7eUDwWo+d+0dRe9PByidu1p2wGClLFXhH1n8DcYZtGAQvPkMxd6oz2WRWIOcUPzmlw=="
    },
    "@sanjo/exec": {
      "version": "1.1.0",
      "resolved": "https://registry.npmjs.org/@sanjo/exec/-/exec-1.1.0.tgz",
      "integrity": "sha512-ekTqXhQhLzPee254f2TI9LBdPkLYkWVmyYo+n+/g+EibS27RfxOysTj7elP9A0sxToS6M2p4WBEF3LnVE6gb2w=="
    },
    "@sanjo/identity": {
      "version": "2.0.4",
      "resolved": "https://registry.npmjs.org/@sanjo/identity/-/identity-2.0.4.tgz",
      "integrity": "sha512-Xfhq+1hFtKk0BOZKbJUEogER5p1GyphQ1YIt2Mukpx06ZqR2DG0HJKGdg00hpHo1MhmbQrpNiK6fcZBdmPQ5ow=="
    },
    "@sanjo/read-file": {
      "version": "2.0.0",
      "resolved": "https://registry.npmjs.org/@sanjo/read-file/-/read-file-2.0.0.tgz",
      "integrity": "sha512-Qye5ZQQmrBvtmzgoaE8X0Shq1wc2pZ97CT7+dZFRtQqDSISqurb4YcdKpRsaGETG/PRsVkIZ7ORQ89/GSPWLJg=="
    },
    "@sanjo/toc": {
      "version": "1.0.0",
      "resolved": "https://registry.npmjs.org/@sanjo/toc/-/toc-1.0.0.tgz",
      "integrity": "sha512-1Fd0lESENd5ZoqmtPRgBHA2KVTCm00yK7QoAu4peMt2b7P2OLDXY16pgE33+URu05Wfd6slfITbxqdaA1ZWiTw==",
      "requires": {
        "@sanjo/read-file": "^2.0.0"
      }
    },
    "@sanjo/write-file": {
      "version": "1.0.0",
      "resolved": "https://registry.npmjs.org/@sanjo/write-file/-/write-file-1.0.0.tgz",
      "integrity": "sha512-YHMJR/4jKuXK93dcAKD63TClVIBNKahPNH8Vnv1QKk0X9fWdEXbCoObMp65tk+lfNfbYMiqNl88xR0gV3rrYXA=="
    },
    "argparse": {
      "version": "2.0.1",
      "resolved": "https://registry.npmjs.org/argparse/-/argparse-2.0.1.tgz",
      "integrity": "sha512-8+9WqebbFzpX9OR+Wa6O29asIogeRMzcGtAINdpMHHyAg10f05aSFVBbcEqGf/PXw1EjAZ+q2/bEBg3DvurK3Q=="
    },
    "debug": {
      "version": "4.3.4",
      "resolved": "https://registry.npmjs.org/debug/-/debug-4.3.4.tgz",
      "integrity": "sha512-PRWFHuSU3eDtQJPvnNY7Jcket1j0t5OuOsFzPPzsekD52Zl8qUfFIPEiswXqIvHWGVHOgX+7G/vCNNhehwxfkQ==",
      "requires": {
        "ms": "2.1.2"
      }
    },
    "js-yaml": {
      "version": "4.1.0",
      "resolved": "https://registry.npmjs.org/js-yaml/-/js-yaml-4.1.0.tgz",
      "integrity": "sha512-wpxZs9NoxZaJESJGIZTyDEaYpl0FKSA+FB9aJiyemKhMwkxQg63h4T1KJgUGHpTqPDNRcmmYLugrRjJlBtWvRA==",
      "requires": {
        "argparse": "^2.0.1"
      }
    },
    "ms": {
      "version": "2.1.2",
      "resolved": "https://registry.npmjs.org/ms/-/ms-2.1.2.tgz",
      "integrity": "sha512-sGkPx+VjMtmA6MX27oA4FBFELFCZZ4S4XqeGOXCv68tT+jb3vk/RyaKWP0PTKyWtmLSM0b+adUTEvbs1PEaH2w=="
    },
    "simple-git": {
      "version": "3.17.0",
      "resolved": "https://registry.npmjs.org/simple-git/-/simple-git-3.17.0.tgz",
      "integrity": "sha512-JozI/s8jr3nvLd9yn2jzPVHnhVzt7t7QWfcIoDcqRIGN+f1IINGv52xoZti2kkYfoRhhRvzMSNPfogHMp97rlw==",
      "requires": {
        "@kwsites/file-exists": "^1.1.1",
        "@kwsites/promise-deferred": "^1.1.1",
        "debug": "^4.3.4"
      }
    }
  }
}
