{
  "name": "Test",
  "lockfileVersion": 3,
  "requires": true,
  "packages": {
    "": {
      "name": "Test",
      "dependencies": {
        "Boolean": "SanjoSolutions/LuaBoolean",
        "Library": "SanjoSolutions/LuaLibrary#v0.4.0"
      }
    },
    "node_modules/Boolean": {
      "resolved": "git+ssh://git@github.com/SanjoSolutions/LuaBoolean.git#99b8415843d72383e010c8f96cdde7a5f64fc6ee",
      "dependencies": {
        "Library": "SanjoSolutions/LuaLibrary#v0.4.0"
      }
    },
    "node_modules/Library": {
      "version": "0.4.0",
      "resolved": "git+ssh://git@github.com/SanjoSolutions/LuaLibrary.git#9d71788a07afde53026ba9f7aa4420efe8b6c2a3"
    }
  }
}
